<?xml version="1.0" encoding="utf-8"?>
<Project ToolsVersion="4.0" xmlns="http://schemas.microsoft.com/developer/msbuild/2003">
  <ItemGroup>
    <Filter Include="Source Files">
      <UniqueIdentifier>{4FC737F1-C7A5-4376-A066-2A32D752A2FF}</UniqueIdentifier>
      <Extensions>cpp;c;cc;cxx;def;odl;idl;hpj;bat;asm;asmx</Extensions>
    </Filter>
    <Filter Include="Header Files">
      <UniqueIdentifier>{93995380-89BD-4b04-88EB-625FBE52EBFB}</UniqueIdentifier>
      <Extensions>h;hh;hpp;hxx;hm;inl;inc;xsd</Extensions>
    </Filter>
    <Filter Include="Resource Files">
      <UniqueIdentifier>{67DA6AB6-F800-4c08-8B7A-83BB121AAD01}</UniqueIdentifier>
      <Extensions>rc;ico;cur;bmp;dlg;rc2;rct;bin;rgs;gif;jpg;jpeg;jpe;resx;tiff;tif;png;wav;mfcribbon-ms</Extensions>
    </Filter>
    <Filter Include="Header Files\Entities">
      <UniqueIdentifier>{eb760bd1-9029-4e71-929f-918d20c8dfd4}</UniqueIdentifier>
    </Filter>
    <Filter Include="Header Files\FSM">
      <UniqueIdentifier>{b8bab730-e5cf-42b3-b033-ac88fb413dfa}</UniqueIdentifier>
    </Filter>
    <Filter Include="Header Files\World">
      <UniqueIdentifier>{5c0d1b42-d074-46ee-b9c5-46960f3099aa}</UniqueIdentifier>
    </Filter>
    <Filter Include="Source Files\Entities">
      <UniqueIdentifier>{98639f21-7a23-4df5-adfd-64576d956355}</UniqueIdentifier>
    </Filter>
    <Filter Include="Source Files\FSM">
      <UniqueIdentifier>{b8bb8152-67be-47ae-b0b9-bfcc3fdf2e41}</UniqueIdentifier>
    </Filter>
    <Filter Include="Source Files\World">
      <UniqueIdentifier>{5de685c2-315b-4e81-ab49-a6fee6b21785}</UniqueIdentifier>
    </Filter>
    <Filter Include="Source Files\Utility">
      <UniqueIdentifier>{19e800de-dda3-4d89-a7fe-1bb9ba37c3e5}</UniqueIdentifier>
    </Filter>
    <Filter Include="Source Files\Rendering">
      <UniqueIdentifier>{49b0a3f4-9bc7-4c1c-b53e-7d0989cd5fca}</UniqueIdentifier>
    </Filter>
    <Filter Include="Source Files\Pathfinding">
      <UniqueIdentifier>{da3f7732-8df6-4a99-99d2-7d4e3a1e493f}</UniqueIdentifier>
    </Filter>
    <Filter Include="Header Files\Pathfinding">
      <UniqueIdentifier>{cf894a02-86f7-4d4f-9bcf-4dae9a60825b}</UniqueIdentifier>
    </Filter>
    <Filter Include="Header Files\Rendering">
      <UniqueIdentifier>{f23c6625-033d-44f3-a268-9e149f8adb13}</UniqueIdentifier>
    </Filter>
    <Filter Include="Header Files\Utility">
      <UniqueIdentifier>{b7d227c5-9369-487d-9b23-3ff1be78d8aa}</UniqueIdentifier>
    </Filter>
    <Filter Include="Header Files\BehaviourTree">
      <UniqueIdentifier>{a562bc75-42b3-4c82-a75f-abb2deef65ec}</UniqueIdentifier>
    </Filter>
    <Filter Include="Source Files\BehaviourTree">
      <UniqueIdentifier>{76bbe483-8fa3-43f6-a41c-ea47d3d40674}</UniqueIdentifier>
    </Filter>
    <Filter Include="Header Files\BehaviourTree\Leafs">
      <UniqueIdentifier>{c899e672-68d2-4a77-bd1b-fa105c90887e}</UniqueIdentifier>
    </Filter>
    <Filter Include="Source Files\BehaviourTree\Leafs">
      <UniqueIdentifier>{4421fedc-f13f-4d0b-bfa3-e2cf173c41f9}</UniqueIdentifier>
    </Filter>
  </ItemGroup>
  <ItemGroup>
    <ClInclude Include="stdafx.h">
      <Filter>Header Files</Filter>
    </ClInclude>
    <ClInclude Include="targetver.h">
      <Filter>Header Files</Filter>
    </ClInclude>
    <ClInclude Include="Engine.h">
      <Filter>Header Files</Filter>
    </ClInclude>
    <ClInclude Include="AStarPath.h">
      <Filter>Header Files\Pathfinding</Filter>
    </ClInclude>
    <ClInclude Include="PathFindingAlgorithm.h">
      <Filter>Header Files\Pathfinding</Filter>
    </ClInclude>
    <ClInclude Include="JPSPath.h">
      <Filter>Header Files\Pathfinding</Filter>
    </ClInclude>
    <ClInclude Include="PathFindNode.h">
      <Filter>Header Files\Pathfinding</Filter>
    </ClInclude>
    <ClInclude Include="FiniteStateMachine.h">
      <Filter>Header Files\FSM</Filter>
    </ClInclude>
    <ClInclude Include="IState.h">
      <Filter>Header Files\FSM</Filter>
    </ClInclude>
    <ClInclude Include="IGridMap.h">
      <Filter>Header Files\World</Filter>
    </ClInclude>
    <ClInclude Include="Tile.h">
      <Filter>Header Files\World</Filter>
    </ClInclude>
    <ClInclude Include="IEntity.h">
      <Filter>Header Files\Entities</Filter>
    </ClInclude>
    <ClInclude Include="DrawManager.h">
      <Filter>Header Files\Rendering</Filter>
    </ClInclude>
    <ClInclude Include="Sprite.h">
      <Filter>Header Files\Rendering</Filter>
    </ClInclude>
    <ClInclude Include="SpriteManager.h">
      <Filter>Header Files\Rendering</Filter>
    </ClInclude>
    <ClInclude Include="Config.h">
      <Filter>Header Files\Utility</Filter>
    </ClInclude>
    <ClInclude Include="GuiButton.h">
      <Filter>Header Files\Utility</Filter>
    </ClInclude>
    <ClInclude Include="Math.h">
      <Filter>Header Files\Utility</Filter>
    </ClInclude>
    <ClInclude Include="ServiceLocator.h">
      <Filter>Header Files\Utility</Filter>
    </ClInclude>
    <ClInclude Include="Dungeon.h">
      <Filter>Header Files\World</Filter>
    </ClInclude>
    <ClInclude Include="Agent.h">
      <Filter>Header Files\Entities</Filter>
    </ClInclude>
    <ClInclude Include="BehaviourTree.h">
      <Filter>Header Files\BehaviourTree</Filter>
    </ClInclude>
    <ClInclude Include="BT_Node.h">
      <Filter>Header Files\BehaviourTree</Filter>
    </ClInclude>
    <ClInclude Include="BlackBoard.h">
      <Filter>Header Files</Filter>
    </ClInclude>
    <ClInclude Include="BT_Leaf.h">
      <Filter>Header Files\BehaviourTree</Filter>
    </ClInclude>
    <ClInclude Include="BT_Composites.h">
      <Filter>Header Files\BehaviourTree</Filter>
    </ClInclude>
    <ClInclude Include="BT_Decorators.h">
      <Filter>Header Files\BehaviourTree</Filter>
    </ClInclude>
    <ClInclude Include="Healer.h">
      <Filter>Header Files\Entities</Filter>
    </ClInclude>
    <ClInclude Include="resource.h">
      <Filter>Header Files</Filter>
    </ClInclude>
    <ClInclude Include="BT_Move.h">
      <Filter>Header Files\BehaviourTree\Leafs</Filter>
    </ClInclude>
    <ClInclude Include="BT_SetDestination.h">
      <Filter>Header Files\BehaviourTree\Leafs</Filter>
    </ClInclude>
    <ClInclude Include="BT_FindPath.h">
      <Filter>Header Files\BehaviourTree\Leafs</Filter>
    </ClInclude>
    <ClInclude Include="BT_AllyNeedsHealing.h">
      <Filter>Header Files\BehaviourTree\Leafs</Filter>
    </ClInclude>
    <ClInclude Include="BT_Attack.h">
      <Filter>Header Files\BehaviourTree\Leafs</Filter>
    </ClInclude>
    <ClInclude Include="BT_Heal.h">
      <Filter>Header Files\BehaviourTree\Leafs</Filter>
    </ClInclude>
    <ClInclude Include="Tank.h">
      <Filter>Header Files\Entities</Filter>
    </ClInclude>
    <ClInclude Include="EnemyMob.h">
      <Filter>Header Files\Entities</Filter>
    </ClInclude>
    <ClInclude Include="Damage.h">
      <Filter>Header Files\Entities</Filter>
    </ClInclude>
    <ClInclude Include="BT_Defend.h">
      <Filter>Header Files\BehaviourTree\Leafs</Filter>
    </ClInclude>
    <ClInclude Include="BT_INeedHealing.h">
      <Filter>Header Files\BehaviourTree\Leafs</Filter>
    </ClInclude>
  </ItemGroup>
  <ItemGroup>
    <ClCompile Include="stdafx.cpp">
      <Filter>Source Files</Filter>
    </ClCompile>
    <ClCompile Include="BehaviourArises.cpp">
      <Filter>Source Files</Filter>
    </ClCompile>
    <ClCompile Include="Engine.cpp">
      <Filter>Source Files</Filter>
    </ClCompile>
    <ClCompile Include="IEntity.cpp">
      <Filter>Source Files\Entities</Filter>
    </ClCompile>
    <ClCompile Include="FiniteStateMachine.cpp">
      <Filter>Source Files\FSM</Filter>
    </ClCompile>
    <ClCompile Include="Tile.cpp">
      <Filter>Source Files\World</Filter>
    </ClCompile>
    <ClCompile Include="GuiButton.cpp">
      <Filter>Source Files\Utility</Filter>
    </ClCompile>
    <ClCompile Include="DrawManager.cpp">
      <Filter>Source Files\Rendering</Filter>
    </ClCompile>
    <ClCompile Include="SpriteManager.cpp">
      <Filter>Source Files\Rendering</Filter>
    </ClCompile>
    <ClCompile Include="Sprite.cpp">
      <Filter>Source Files\Rendering</Filter>
    </ClCompile>
    <ClCompile Include="AStarPath.cpp">
      <Filter>Source Files\Pathfinding</Filter>
    </ClCompile>
    <ClCompile Include="JPSPath.cpp">
      <Filter>Source Files\Pathfinding</Filter>
    </ClCompile>
    <ClCompile Include="PathFindingAlgorithm.cpp">
      <Filter>Source Files\Pathfinding</Filter>
    </ClCompile>
    <ClCompile Include="PathFindNode.cpp">
      <Filter>Source Files\Pathfinding</Filter>
    </ClCompile>
    <ClCompile Include="Dungeon.cpp">
      <Filter>Source Files\World</Filter>
    </ClCompile>
    <ClCompile Include="Agent.cpp">
      <Filter>Source Files\Entities</Filter>
    </ClCompile>
    <ClCompile Include="BlackBoard.cpp">
      <Filter>Source Files</Filter>
    </ClCompile>
    <ClCompile Include="BehaviourTree.cpp">
      <Filter>Source Files\BehaviourTree</Filter>
    </ClCompile>
    <ClCompile Include="BT_Composites.cpp">
      <Filter>Source Files\BehaviourTree</Filter>
    </ClCompile>
    <ClCompile Include="BT_Decorators.cpp">
      <Filter>Source Files\BehaviourTree</Filter>
    </ClCompile>
    <ClCompile Include="BT_Leaf.cpp">
      <Filter>Source Files\BehaviourTree</Filter>
    </ClCompile>
    <ClCompile Include="Healer.cpp">
      <Filter>Source Files\Entities</Filter>
    </ClCompile>
    <ClCompile Include="BT_Move.cpp">
      <Filter>Source Files\BehaviourTree\Leafs</Filter>
    </ClCompile>
    <ClCompile Include="BT_SetDestination.cpp">
      <Filter>Source Files\BehaviourTree\Leafs</Filter>
    </ClCompile>
    <ClCompile Include="BT_FindPath.cpp">
      <Filter>Source Files\BehaviourTree\Leafs</Filter>
    </ClCompile>
    <ClCompile Include="BT_AllyNeedsHealing.cpp">
      <Filter>Source Files\BehaviourTree\Leafs</Filter>
    </ClCompile>
    <ClCompile Include="BT_Attack.cpp">
      <Filter>Source Files\BehaviourTree\Leafs</Filter>
    </ClCompile>
    <ClCompile Include="BT_Heal.cpp">
      <Filter>Source Files\BehaviourTree\Leafs</Filter>
    </ClCompile>
    <ClCompile Include="Tank.cpp">
      <Filter>Source Files\Entities</Filter>
    </ClCompile>
    <ClCompile Include="Damage.cpp">
      <Filter>Source Files\Entities</Filter>
    </ClCompile>
    <ClCompile Include="EnemyMob.cpp">
      <Filter>Source Files\Entities</Filter>
    </ClCompile>
    <ClCompile Include="BT_INeedHealing.cpp">
      <Filter>Source Files\BehaviourTree\Leafs</Filter>
    </ClCompile>
    <ClCompile Include="BT_Defend.cpp">
      <Filter>Source Files\BehaviourTree\Leafs</Filter>
    </ClCompile>
  </ItemGroup>
</Project>